PODS:
  - FlutterMacOS (1.0.0)
  - sign_in_with_apple (0.0.1):
    - FlutterMacOS

DEPENDENCIES:
  - FlutterMacOS (from `Flutter/ephemeral`)
  - sign_in_with_apple (from `Flutter/ephemeral/.symlinks/plugins/sign_in_with_apple/macos`)

EXTERNAL SOURCES:
  FlutterMacOS:
    :path: Flutter/ephemeral
  sign_in_with_apple:
    :path: Flutter/ephemeral/.symlinks/plugins/sign_in_with_apple/macos

SPEC CHECKSUMS:
  FlutterMacOS: c232990155153907050900a2e175c7773903ba4e
  sign_in_with_apple: a9e97e744e8edc36aefc2723111f652102a7a727

PODFILE CHECKSUM: a06665d46ebaff8936051c38212b46fffb6539eb

COCOAPODS: 1.16.2
